<?xml version="1.0" encoding="utf-8"?>
<Project ToolsVersion="4.0" xmlns="http://schemas.microsoft.com/developer/msbuild/2003">
  <ItemGroup>
    <Filter Include="Source Files">
      <UniqueIdentifier>{4FC737F1-C7A5-4376-A066-2A32D752A2FF}</UniqueIdentifier>
      <Extensions>cpp;c;cc;cxx;def;odl;idl;hpj;bat;asm;asmx</Extensions>
    </Filter>
    <Filter Include="Header Files">
      <UniqueIdentifier>{93995380-89BD-4b04-88EB-625FBE52EBFB}</UniqueIdentifier>
      <Extensions>h;hpp;hxx;hm;inl;inc;xsd</Extensions>
    </Filter>
    <Filter Include="Resource Files">
      <UniqueIdentifier>{67DA6AB6-F800-4c08-8B7A-83BB121AAD01}</UniqueIdentifier>
      <Extensions>rc;ico;cur;bmp;dlg;rc2;rct;bin;rgs;gif;jpg;jpeg;jpe;resx;tiff;tif;png;wav;mfcribbon-ms</Extensions>
    </Filter>
  </ItemGroup>
  <ItemGroup>
    <Text Include="ReadMe.txt" />
  </ItemGroup>
  <ItemGroup>
    <ClInclude Include="stdafx.h">
      <Filter>Header Files</Filter>
    </ClInclude>
    <ClInclude Include="targetver.h">
      <Filter>Header Files</Filter>
    </ClInclude>
    <ClInclude Include="utilities.h">
      <Filter>Header Files</Filter>
    </ClInclude>
    <ClInclude Include="winDir.h">
      <Filter>Header Files</Filter>
    </ClInclude>
    <ClInclude Include="ToolchainGenericDSFS\fatfslayerTGDS.h">
      <Filter>Header Files</Filter>
    </ClInclude>
    <ClInclude Include="ToolchainGenericDSFS\devoptab_devices.h">
      <Filter>Header Files</Filter>
    </ClInclude>
    <ClInclude Include="ToolchainGenericDSFS\dldiWin32.h">
      <Filter>Header Files</Filter>
    </ClInclude>
    <ClInclude Include="ToolchainGenericDSFS\fatfs\source\ffconf.h">
      <Filter>Header Files</Filter>
    </ClInclude>
    <ClInclude Include="ToolchainGenericDSFS\fatfs\source\integer.h">
      <Filter>Header Files</Filter>
    </ClInclude>
    <ClInclude Include="ToolchainGenericDSFS\fatfs\source\diskio.h">
      <Filter>Header Files</Filter>
    </ClInclude>
    <ClInclude Include="ToolchainGenericDSFS\fatfs\source\ff.h">
      <Filter>Header Files</Filter>
    </ClInclude>
    <ClInclude Include="TGDSVideoConverter\bmp.h">
      <Filter>Header Files</Filter>
    </ClInclude>
    <ClInclude Include="TGDSVideoConverter\lzss9.h">
      <Filter>Header Files</Filter>
    </ClInclude>
    <ClInclude Include="TGDSVideoConverter\TGDSTypes.h">
      <Filter>Header Files</Filter>
    </ClInclude>
    <ClInclude Include="TGDSVideoConverter\TGDSVideo.h">
      <Filter>Header Files</Filter>
    </ClInclude>
    <ClInclude Include="zlib-1.2.11\zutil.h">
      <Filter>Header Files</Filter>
    </ClInclude>
    <ClInclude Include="zlib-1.2.11\zlib.h">
      <Filter>Header Files</Filter>
    </ClInclude>
    <ClInclude Include="zlib-1.2.11\zconf.h">
      <Filter>Header Files</Filter>
    </ClInclude>
    <ClInclude Include="zlib-1.2.11\zconf.in.h">
      <Filter>Header Files</Filter>
    </ClInclude>
    <ClInclude Include="zlib-1.2.11\trees.h">
      <Filter>Header Files</Filter>
    </ClInclude>
    <ClInclude Include="zlib-1.2.11\targetver.h">
      <Filter>Header Files</Filter>
    </ClInclude>
    <ClInclude Include="zlib-1.2.11\throw.h">
      <Filter>Header Files</Filter>
    </ClInclude>
    <ClInclude Include="zlib-1.2.11\stdafx.h">
      <Filter>Header Files</Filter>
    </ClInclude>
    <ClInclude Include="zlib-1.2.11\inftrees.h">
      <Filter>Header Files</Filter>
    </ClInclude>
    <ClInclude Include="zlib-1.2.11\inflate.h">
      <Filter>Header Files</Filter>
    </ClInclude>
    <ClInclude Include="zlib-1.2.11\inffast.h">
      <Filter>Header Files</Filter>
    </ClInclude>
    <ClInclude Include="zlib-1.2.11\inffixed.h">
      <Filter>Header Files</Filter>
    </ClInclude>
    <ClInclude Include="zlib-1.2.11\deflate.h">
      <Filter>Header Files</Filter>
    </ClInclude>
    <ClInclude Include="zlib-1.2.11\crc32.h">
      <Filter>Header Files</Filter>
    </ClInclude>
    <ClInclude Include="tarball.h">
      <Filter>Header Files</Filter>
    </ClInclude>
    <ClInclude Include="crc32Tool.h">
      <Filter>Header Files</Filter>
    </ClInclude>
    <ClInclude Include="http\server.h">
      <Filter>Header Files</Filter>
    </ClInclude>
  </ItemGroup>
  <ItemGroup>
    <ClCompile Include="stdafx.cpp">
      <Filter>Source Files</Filter>
    </ClCompile>
    <ClCompile Include="toolchaingenericds-utils.cpp">
      <Filter>Source Files</Filter>
    </ClCompile>
    <ClCompile Include="utilities.cpp">
      <Filter>Source Files</Filter>
    </ClCompile>
    <ClCompile Include="winDir.cpp">
      <Filter>Source Files</Filter>
    </ClCompile>
    <ClCompile Include="ToolchainGenericDSFS\fatfslayerTGDS.cpp">
      <Filter>Source Files</Filter>
    </ClCompile>
    <ClCompile Include="ToolchainGenericDSFS\devoptab_devices.c">
      <Filter>Source Files</Filter>
    </ClCompile>
    <ClCompile Include="ToolchainGenericDSFS\dldiWin32.cpp">
      <Filter>Source Files</Filter>
    </ClCompile>
    <ClCompile Include="ToolchainGenericDSFS\fatfs\source\ffunicode.c">
      <Filter>Source Files</Filter>
    </ClCompile>
    <ClCompile Include="ToolchainGenericDSFS\fatfs\source\diskio.c">
      <Filter>Source Files</Filter>
    </ClCompile>
    <ClCompile Include="ToolchainGenericDSFS\fatfs\source\ff.c">
      <Filter>Source Files</Filter>
    </ClCompile>
    <ClCompile Include="ToolchainGenericDSFS\fatfs\source\ffsystem.c">
      <Filter>Source Files</Filter>
    </ClCompile>
    <ClCompile Include="TGDSVideoConverter\TGDSVideo.cpp">
      <Filter>Source Files</Filter>
    </ClCompile>
    <ClCompile Include="TGDSVideoConverter\bmp.cpp">
      <Filter>Source Files</Filter>
    </ClCompile>
    <ClCompile Include="TGDSVideoConverter\lzss9.c">
      <Filter>Source Files</Filter>
    </ClCompile>
    <ClCompile Include="zlib-1.2.11\zutil.c">
      <Filter>Source Files</Filter>
    </ClCompile>
    <ClCompile Include="zlib-1.2.11\uncompr.c">
      <Filter>Source Files</Filter>
    </ClCompile>
    <ClCompile Include="zlib-1.2.11\trees.c">
      <Filter>Source Files</Filter>
    </ClCompile>
    <ClCompile Include="zlib-1.2.11\minigzip.c">
      <Filter>Source Files</Filter>
    </ClCompile>
    <ClCompile Include="zlib-1.2.11\stdafx.cpp">
      <Filter>Source Files</Filter>
    </ClCompile>
    <ClCompile Include="zlib-1.2.11\inftrees.c">
      <Filter>Source Files</Filter>
    </ClCompile>
    <ClCompile Include="zlib-1.2.11\inflate.c">
      <Filter>Source Files</Filter>
    </ClCompile>
    <ClCompile Include="zlib-1.2.11\infback.c">
      <Filter>Source Files</Filter>
    </ClCompile>
    <ClCompile Include="zlib-1.2.11\inffast.c">
      <Filter>Source Files</Filter>
    </ClCompile>
    <ClCompile Include="zlib-1.2.11\gzio.c">
      <Filter>Source Files</Filter>
    </ClCompile>
    <ClCompile Include="zlib-1.2.11\example.c">
      <Filter>Source Files</Filter>
    </ClCompile>
    <ClCompile Include="zlib-1.2.11\deflate.c">
      <Filter>Source Files</Filter>
    </ClCompile>
    <ClCompile Include="zlib-1.2.11\crc32.c">
      <Filter>Source Files</Filter>
    </ClCompile>
    <ClCompile Include="zlib-1.2.11\adler32.c">
      <Filter>Source Files</Filter>
    </ClCompile>
    <ClCompile Include="zlib-1.2.11\compress.c">
      <Filter>Source Files</Filter>
    </ClCompile>
    <ClCompile Include="tarball.cpp">
      <Filter>Source Files</Filter>
    </ClCompile>
    <ClCompile Include="crc32Tool.c">
      <Filter>Source Files</Filter>
    </ClCompile>
    <ClCompile Include="http\server.cpp">
      <Filter>Source Files</Filter>
    </ClCompile>
    <ClCompile Include="http\header.cpp">
      <Filter>Source Files</Filter>
    </ClCompile>
    <ClCompile Include="http\response.cpp">
      <Filter>Source Files</Filter>
    </ClCompile>
    <ClCompile Include="http\request.cpp">
      <Filter>Source Files</Filter>
    </ClCompile>
    <ClCompile Include="http\error.cpp">
      <Filter>Source Files</Filter>
    </ClCompile>
    <ClCompile Include="http\defaults.cpp">
      <Filter>Source Files</Filter>
    </ClCompile>
  </ItemGroup>
  <ItemGroup>
    <None Include="zlib-1.2.11\make_vms.com">
      <Filter>Source Files</Filter>
    </None>
  </ItemGroup>
</Project>